// !$*UTF8*$!
{
	archiveVersion = 1;
	classes = {
	};
	objectVersion = 56;
	objects = {

/* Begin PBXBuildFile section */
		FBA89A532CB97A0A00EA860B /* ControladorPantallaDelPost.swift in Sources */ = {isa = PBXBuildFile; fileRef = FBA89A522CB97A0A00EA860B /* ControladorPantallaDelPost.swift */; };
		FBA89A562CB97A5200EA860B /* mod_navegador_principal.swift in Sources */ = {isa = PBXBuildFile; fileRef = FBA89A552CB97A5200EA860B /* mod_navegador_principal.swift */; };
		FBA89A592CB97BCC00EA860B /* provedor_publicaciones.swift in Sources */ = {isa = PBXBuildFile; fileRef = FBA89A582CB97BCC00EA860B /* provedor_publicaciones.swift */; };
		FBA89A5B2CB9855500EA860B /* EstiloCellViewController.swift in Sources */ = {isa = PBXBuildFile; fileRef = FBA89A5A2CB9855500EA860B /* EstiloCellViewController.swift */; };
		FBF3460D2CB6D2F800F555DE /* AppDelegate.swift in Sources */ = {isa = PBXBuildFile; fileRef = FBF3460C2CB6D2F800F555DE /* AppDelegate.swift */; };
		FBF3460F2CB6D2F800F555DE /* SceneDelegate.swift in Sources */ = {isa = PBXBuildFile; fileRef = FBF3460E2CB6D2F800F555DE /* SceneDelegate.swift */; };
		FBF346142CB6D2F800F555DE /* Base in Resources */ = {isa = PBXBuildFile; fileRef = FBF346132CB6D2F800F555DE /* Base */; };
		FBF346162CB6D2F900F555DE /* Assets.xcassets in Resources */ = {isa = PBXBuildFile; fileRef = FBF346152CB6D2F900F555DE /* Assets.xcassets */; };
		FBF346192CB6D2F900F555DE /* Base in Resources */ = {isa = PBXBuildFile; fileRef = FBF346182CB6D2F900F555DE /* Base */; };
		FBF346242CB6D2F900F555DE /* Bocetos_2Tests.swift in Sources */ = {isa = PBXBuildFile; fileRef = FBF346232CB6D2F900F555DE /* Bocetos_2Tests.swift */; };
		FBF3462E2CB6D2F900F555DE /* Bocetos_2UITests.swift in Sources */ = {isa = PBXBuildFile; fileRef = FBF3462D2CB6D2F900F555DE /* Bocetos_2UITests.swift */; };
		FBF346302CB6D2F900F555DE /* Bocetos_2UITestsLaunchTests.swift in Sources */ = {isa = PBXBuildFile; fileRef = FBF3462F2CB6D2F900F555DE /* Bocetos_2UITestsLaunchTests.swift */; };
		FBF3463F2CB6D67400F555DE /* ControladorPantallaPrincipalDeColeccion.swift in Sources */ = {isa = PBXBuildFile; fileRef = FBF3463E2CB6D67400F555DE /* ControladorPantallaPrincipalDeColeccion.swift */; };
		FBF346442CB6D75D00F555DE /* VistaDeZelda.swift in Sources */ = {isa = PBXBuildFile; fileRef = FBF346432CB6D75D00F555DE /* VistaDeZelda.swift */; };
		FBF346482CB6D7B700F555DE /* posts.swift in Sources */ = {isa = PBXBuildFile; fileRef = FBF346472CB6D7B700F555DE /* posts.swift */; };
/* End PBXBuildFile section */

/* Begin PBXContainerItemProxy section */
		FBF346202CB6D2F900F555DE /* PBXContainerItemProxy */ = {
			isa = PBXContainerItemProxy;
			containerPortal = FBF346012CB6D2F800F555DE /* Project object */;
			proxyType = 1;
			remoteGlobalIDString = FBF346082CB6D2F800F555DE;
			remoteInfo = Bocetos_2;
		};
		FBF3462A2CB6D2F900F555DE /* PBXContainerItemProxy */ = {
			isa = PBXContainerItemProxy;
			containerPortal = FBF346012CB6D2F800F555DE /* Project object */;
			proxyType = 1;
			remoteGlobalIDString = FBF346082CB6D2F800F555DE;
			remoteInfo = Bocetos_2;
		};
/* End PBXContainerItemProxy section */

/* Begin PBXFileReference section */
		FBA89A522CB97A0A00EA860B /* ControladorPantallaDelPost.swift */ = {isa = PBXFileReference; lastKnownFileType = sourcecode.swift; path = ControladorPantallaDelPost.swift; sourceTree = "<group>"; };
		FBA89A552CB97A5200EA860B /* mod_navegador_principal.swift */ = {isa = PBXFileReference; lastKnownFileType = sourcecode.swift; path = mod_navegador_principal.swift; sourceTree = "<group>"; };
		FBA89A582CB97BCC00EA860B /* provedor_publicaciones.swift */ = {isa = PBXFileReference; lastKnownFileType = sourcecode.swift; path = provedor_publicaciones.swift; sourceTree = "<group>"; };
		FBA89A5A2CB9855500EA860B /* EstiloCellViewController.swift */ = {isa = PBXFileReference; lastKnownFileType = sourcecode.swift; path = EstiloCellViewController.swift; sourceTree = "<group>"; };
		FBF346092CB6D2F800F555DE /* Bocetos_2.app */ = {isa = PBXFileReference; explicitFileType = wrapper.application; includeInIndex = 0; path = Bocetos_2.app; sourceTree = BUILT_PRODUCTS_DIR; };
		FBF3460C2CB6D2F800F555DE /* AppDelegate.swift */ = {isa = PBXFileReference; lastKnownFileType = sourcecode.swift; path = AppDelegate.swift; sourceTree = "<group>"; };
		FBF3460E2CB6D2F800F555DE /* SceneDelegate.swift */ = {isa = PBXFileReference; lastKnownFileType = sourcecode.swift; path = SceneDelegate.swift; sourceTree = "<group>"; };
		FBF346132CB6D2F800F555DE /* Base */ = {isa = PBXFileReference; lastKnownFileType = file.storyboard; name = Base; path = Base.lproj/Main.storyboard; sourceTree = "<group>"; };
		FBF346152CB6D2F900F555DE /* Assets.xcassets */ = {isa = PBXFileReference; lastKnownFileType = folder.assetcatalog; path = Assets.xcassets; sourceTree = "<group>"; };
		FBF346182CB6D2F900F555DE /* Base */ = {isa = PBXFileReference; lastKnownFileType = file.storyboard; name = Base; path = Base.lproj/LaunchScreen.storyboard; sourceTree = "<group>"; };
		FBF3461A2CB6D2F900F555DE /* Info.plist */ = {isa = PBXFileReference; lastKnownFileType = text.plist.xml; path = Info.plist; sourceTree = "<group>"; };
		FBF3461F2CB6D2F900F555DE /* Bocetos_2Tests.xctest */ = {isa = PBXFileReference; explicitFileType = wrapper.cfbundle; includeInIndex = 0; path = Bocetos_2Tests.xctest; sourceTree = BUILT_PRODUCTS_DIR; };
		FBF346232CB6D2F900F555DE /* Bocetos_2Tests.swift */ = {isa = PBXFileReference; lastKnownFileType = sourcecode.swift; path = Bocetos_2Tests.swift; sourceTree = "<group>"; };
		FBF346292CB6D2F900F555DE /* Bocetos_2UITests.xctest */ = {isa = PBXFileReference; explicitFileType = wrapper.cfbundle; includeInIndex = 0; path = Bocetos_2UITests.xctest; sourceTree = BUILT_PRODUCTS_DIR; };
		FBF3462D2CB6D2F900F555DE /* Bocetos_2UITests.swift */ = {isa = PBXFileReference; lastKnownFileType = sourcecode.swift; path = Bocetos_2UITests.swift; sourceTree = "<group>"; };
		FBF3462F2CB6D2F900F555DE /* Bocetos_2UITestsLaunchTests.swift */ = {isa = PBXFileReference; lastKnownFileType = sourcecode.swift; path = Bocetos_2UITestsLaunchTests.swift; sourceTree = "<group>"; };
		FBF3463E2CB6D67400F555DE /* ControladorPantallaPrincipalDeColeccion.swift */ = {isa = PBXFileReference; lastKnownFileType = sourcecode.swift; path = ControladorPantallaPrincipalDeColeccion.swift; sourceTree = "<group>"; };
		FBF346432CB6D75D00F555DE /* VistaDeZelda.swift */ = {isa = PBXFileReference; lastKnownFileType = sourcecode.swift; path = VistaDeZelda.swift; sourceTree = "<group>"; };
		FBF346472CB6D7B700F555DE /* posts.swift */ = {isa = PBXFileReference; lastKnownFileType = sourcecode.swift; path = posts.swift; sourceTree = "<group>"; };
/* End PBXFileReference section */

/* Begin PBXFrameworksBuildPhase section */
		FBF346062CB6D2F800F555DE /* Frameworks */ = {
			isa = PBXFrameworksBuildPhase;
			buildActionMask = 2147483647;
			files = (
			);
			runOnlyForDeploymentPostprocessing = 0;
		};
		FBF3461C2CB6D2F900F555DE /* Frameworks */ = {
			isa = PBXFrameworksBuildPhase;
			buildActionMask = 2147483647;
			files = (
			);
			runOnlyForDeploymentPostprocessing = 0;
		};
		FBF346262CB6D2F900F555DE /* Frameworks */ = {
			isa = PBXFrameworksBuildPhase;
			buildActionMask = 2147483647;
			files = (
			);
			runOnlyForDeploymentPostprocessing = 0;
		};
/* End PBXFrameworksBuildPhase section */

/* Begin PBXGroup section */
		FBA89A542CB97A3100EA860B /* estilos */ = {
			isa = PBXGroup;
			children = (
				FBA89A552CB97A5200EA860B /* mod_navegador_principal.swift */,
				FBA89A5A2CB9855500EA860B /* EstiloCellViewController.swift */,
			);
			path = estilos;
			sourceTree = "<group>";
		};
		FBA89A572CB97B7400EA860B /* proveedor */ = {
			isa = PBXGroup;
			children = (
				FBA89A582CB97BCC00EA860B /* provedor_publicaciones.swift */,
			);
			path = proveedor;
			sourceTree = "<group>";
		};
		FBF346002CB6D2F800F555DE = {
			isa = PBXGroup;
			children = (
				FBF3460B2CB6D2F800F555DE /* Bocetos_2 */,
				FBF346222CB6D2F900F555DE /* Bocetos_2Tests */,
				FBF3462C2CB6D2F900F555DE /* Bocetos_2UITests */,
				FBF3460A2CB6D2F800F555DE /* Products */,
			);
			sourceTree = "<group>";
		};
		FBF3460A2CB6D2F800F555DE /* Products */ = {
			isa = PBXGroup;
			children = (
				FBF346092CB6D2F800F555DE /* Bocetos_2.app */,
				FBF3461F2CB6D2F900F555DE /* Bocetos_2Tests.xctest */,
				FBF346292CB6D2F900F555DE /* Bocetos_2UITests.xctest */,
			);
			name = Products;
			sourceTree = "<group>";
		};
		FBF3460B2CB6D2F800F555DE /* Bocetos_2 */ = {
			isa = PBXGroup;
			children = (
				FBA89A572CB97B7400EA860B /* proveedor */,
				FBF346462CB6D79900F555DE /* Modelos */,
				FBF3463D2CB6D62200F555DE /* controladores_de_pantalla */,
				FBF3460C2CB6D2F800F555DE /* AppDelegate.swift */,
				FBF3460E2CB6D2F800F555DE /* SceneDelegate.swift */,
				FBF346122CB6D2F800F555DE /* Main.storyboard */,
				FBF346152CB6D2F900F555DE /* Assets.xcassets */,
				FBF346172CB6D2F900F555DE /* LaunchScreen.storyboard */,
				FBF3461A2CB6D2F900F555DE /* Info.plist */,
			);
			path = Bocetos_2;
			sourceTree = "<group>";
		};
		FBF346222CB6D2F900F555DE /* Bocetos_2Tests */ = {
			isa = PBXGroup;
			children = (
				FBF346232CB6D2F900F555DE /* Bocetos_2Tests.swift */,
			);
			path = Bocetos_2Tests;
			sourceTree = "<group>";
		};
		FBF3462C2CB6D2F900F555DE /* Bocetos_2UITests */ = {
			isa = PBXGroup;
			children = (
				FBF3462D2CB6D2F900F555DE /* Bocetos_2UITests.swift */,
				FBF3462F2CB6D2F900F555DE /* Bocetos_2UITestsLaunchTests.swift */,
			);
			path = Bocetos_2UITests;
			sourceTree = "<group>";
		};
		FBF3463D2CB6D62200F555DE /* controladores_de_pantalla */ = {
			isa = PBXGroup;
			children = (
				FBA89A542CB97A3100EA860B /* estilos */,
				FBF346422CB6D72200F555DE /* vista_de_celdas */,
				FBA89A522CB97A0A00EA860B /* ControladorPantallaDelPost.swift */,
			);
			path = controladores_de_pantalla;
			sourceTree = "<group>";
		};
		FBF346422CB6D72200F555DE /* vista_de_celdas */ = {
			isa = PBXGroup;
			children = (
				FBF3463E2CB6D67400F555DE /* ControladorPantallaPrincipalDeColeccion.swift */,
				FBF346432CB6D75D00F555DE /* VistaDeZelda.swift */,
			);
			path = vista_de_celdas;
			sourceTree = "<group>";
		};
		FBF346462CB6D79900F555DE /* Modelos */ = {
			isa = PBXGroup;
			children = (
				FBF346472CB6D7B700F555DE /* posts.swift */,
			);
			path = Modelos;
			sourceTree = "<group>";
		};
/* End PBXGroup section */

/* Begin PBXNativeTarget section */
		FBF346082CB6D2F800F555DE /* Bocetos_2 */ = {
			isa = PBXNativeTarget;
			buildConfigurationList = FBF346332CB6D2F900F555DE /* Build configuration list for PBXNativeTarget "Bocetos_2" */;
			buildPhases = (
				FBF346052CB6D2F800F555DE /* Sources */,
				FBF346062CB6D2F800F555DE /* Frameworks */,
				FBF346072CB6D2F800F555DE /* Resources */,
			);
			buildRules = (
			);
			dependencies = (
			);
			name = Bocetos_2;
			productName = Bocetos_2;
			productReference = FBF346092CB6D2F800F555DE /* Bocetos_2.app */;
			productType = "com.apple.product-type.application";
		};
		FBF3461E2CB6D2F900F555DE /* Bocetos_2Tests */ = {
			isa = PBXNativeTarget;
			buildConfigurationList = FBF346362CB6D2F900F555DE /* Build configuration list for PBXNativeTarget "Bocetos_2Tests" */;
			buildPhases = (
				FBF3461B2CB6D2F900F555DE /* Sources */,
				FBF3461C2CB6D2F900F555DE /* Frameworks */,
				FBF3461D2CB6D2F900F555DE /* Resources */,
			);
			buildRules = (
			);
			dependencies = (
				FBF346212CB6D2F900F555DE /* PBXTargetDependency */,
			);
			name = Bocetos_2Tests;
			productName = Bocetos_2Tests;
			productReference = FBF3461F2CB6D2F900F555DE /* Bocetos_2Tests.xctest */;
			productType = "com.apple.product-type.bundle.unit-test";
		};
		FBF346282CB6D2F900F555DE /* Bocetos_2UITests */ = {
			isa = PBXNativeTarget;
			buildConfigurationList = FBF346392CB6D2F900F555DE /* Build configuration list for PBXNativeTarget "Bocetos_2UITests" */;
			buildPhases = (
				FBF346252CB6D2F900F555DE /* Sources */,
				FBF346262CB6D2F900F555DE /* Frameworks */,
				FBF346272CB6D2F900F555DE /* Resources */,
			);
			buildRules = (
			);
			dependencies = (
				FBF3462B2CB6D2F900F555DE /* PBXTargetDependency */,
			);
			name = Bocetos_2UITests;
			productName = Bocetos_2UITests;
			productReference = FBF346292CB6D2F900F555DE /* Bocetos_2UITests.xctest */;
			productType = "com.apple.product-type.bundle.ui-testing";
		};
/* End PBXNativeTarget section */

/* Begin PBXProject section */
		FBF346012CB6D2F800F555DE /* Project object */ = {
			isa = PBXProject;
			attributes = {
				BuildIndependentTargetsInParallel = 1;
				LastSwiftUpdateCheck = 1540;
				LastUpgradeCheck = 1540;
				TargetAttributes = {
					FBF346082CB6D2F800F555DE = {
						CreatedOnToolsVersion = 15.4;
					};
					FBF3461E2CB6D2F900F555DE = {
						CreatedOnToolsVersion = 15.4;
						TestTargetID = FBF346082CB6D2F800F555DE;
					};
					FBF346282CB6D2F900F555DE = {
						CreatedOnToolsVersion = 15.4;
						TestTargetID = FBF346082CB6D2F800F555DE;
					};
				};
			};
			buildConfigurationList = FBF346042CB6D2F800F555DE /* Build configuration list for PBXProject "Bocetos_2" */;
			compatibilityVersion = "Xcode 14.0";
			developmentRegion = en;
			hasScannedForEncodings = 0;
			knownRegions = (
				en,
				Base,
			);
			mainGroup = FBF346002CB6D2F800F555DE;
			productRefGroup = FBF3460A2CB6D2F800F555DE /* Products */;
			projectDirPath = "";
			projectRoot = "";
			targets = (
				FBF346082CB6D2F800F555DE /* Bocetos_2 */,
				FBF3461E2CB6D2F900F555DE /* Bocetos_2Tests */,
				FBF346282CB6D2F900F555DE /* Bocetos_2UITests */,
			);
		};
/* End PBXProject section */

/* Begin PBXResourcesBuildPhase section */
		FBF346072CB6D2F800F555DE /* Resources */ = {
			isa = PBXResourcesBuildPhase;
			buildActionMask = 2147483647;
			files = (
				FBF346162CB6D2F900F555DE /* Assets.xcassets in Resources */,
				FBF346192CB6D2F900F555DE /* Base in Resources */,
				FBF346142CB6D2F800F555DE /* Base in Resources */,
			);
			runOnlyForDeploymentPostprocessing = 0;
		};
		FBF3461D2CB6D2F900F555DE /* Resources */ = {
			isa = PBXResourcesBuildPhase;
			buildActionMask = 2147483647;
			files = (
			);
			runOnlyForDeploymentPostprocessing = 0;
		};
		FBF346272CB6D2F900F555DE /* Resources */ = {
			isa = PBXResourcesBuildPhase;
			buildActionMask = 2147483647;
			files = (
			);
			runOnlyForDeploymentPostprocessing = 0;
		};
/* End PBXResourcesBuildPhase section */

/* Begin PBXSourcesBuildPhase section */
		FBF346052CB6D2F800F555DE /* Sources */ = {
			isa = PBXSourcesBuildPhase;
			buildActionMask = 2147483647;
			files = (
				FBA89A592CB97BCC00EA860B /* provedor_publicaciones.swift in Sources */,
				FBA89A562CB97A5200EA860B /* mod_navegador_principal.swift in Sources */,
				FBF3460D2CB6D2F800F555DE /* AppDelegate.swift in Sources */,
				FBF346442CB6D75D00F555DE /* VistaDeZelda.swift in Sources */,
				FBF346482CB6D7B700F555DE /* posts.swift in Sources */,
				FBF3460F2CB6D2F800F555DE /* SceneDelegate.swift in Sources */,
				FBA89A532CB97A0A00EA860B /* ControladorPantallaDelPost.swift in Sources */,
				FBF3463F2CB6D67400F555DE /* ControladorPantallaPrincipalDeColeccion.swift in Sources */,
				FBA89A5B2CB9855500EA860B /* EstiloCellViewController.swift in Sources */,
			);
			runOnlyForDeploymentPostprocessing = 0;
		};
		FBF3461B2CB6D2F900F555DE /* Sources */ = {
			isa = PBXSourcesBuildPhase;
			buildActionMask = 2147483647;
			files = (
				FBF346242CB6D2F900F555DE /* Bocetos_2Tests.swift in Sources */,
			);
			runOnlyForDeploymentPostprocessing = 0;
		};
		FBF346252CB6D2F900F555DE /* Sources */ = {
			isa = PBXSourcesBuildPhase;
			buildActionMask = 2147483647;
			files = (
				FBF3462E2CB6D2F900F555DE /* Bocetos_2UITests.swift in Sources */,
				FBF346302CB6D2F900F555DE /* Bocetos_2UITestsLaunchTests.swift in Sources */,
			);
			runOnlyForDeploymentPostprocessing = 0;
		};
/* End PBXSourcesBuildPhase section */

/* Begin PBXTargetDependency section */
		FBF346212CB6D2F900F555DE /* PBXTargetDependency */ = {
			isa = PBXTargetDependency;
			target = FBF346082CB6D2F800F555DE /* Bocetos_2 */;
			targetProxy = FBF346202CB6D2F900F555DE /* PBXContainerItemProxy */;
		};
		FBF3462B2CB6D2F900F555DE /* PBXTargetDependency */ = {
			isa = PBXTargetDependency;
			target = FBF346082CB6D2F800F555DE /* Bocetos_2 */;
			targetProxy = FBF3462A2CB6D2F900F555DE /* PBXContainerItemProxy */;
		};
/* End PBXTargetDependency section */

/* Begin PBXVariantGroup section */
		FBF346122CB6D2F800F555DE /* Main.storyboard */ = {
			isa = PBXVariantGroup;
			children = (
				FBF346132CB6D2F800F555DE /* Base */,
			);
			name = Main.storyboard;
			sourceTree = "<group>";
		};
		FBF346172CB6D2F900F555DE /* LaunchScreen.storyboard */ = {
			isa = PBXVariantGroup;
			children = (
				FBF346182CB6D2F900F555DE /* Base */,
			);
			name = LaunchScreen.storyboard;
			sourceTree = "<group>";
		};
/* End PBXVariantGroup section */

/* Begin XCBuildConfiguration section */
		FBF346312CB6D2F900F555DE /* Debug */ = {
			isa = XCBuildConfiguration;
			buildSettings = {
				ALWAYS_SEARCH_USER_PATHS = NO;
				ASSETCATALOG_COMPILER_GENERATE_SWIFT_ASSET_SYMBOL_EXTENSIONS = YES;
				CLANG_ANALYZER_NONNULL = YES;
				CLANG_ANALYZER_NUMBER_OBJECT_CONVERSION = YES_AGGRESSIVE;
				CLANG_CXX_LANGUAGE_STANDARD = "gnu++20";
				CLANG_ENABLE_MODULES = YES;
				CLANG_ENABLE_OBJC_ARC = YES;
				CLANG_ENABLE_OBJC_WEAK = YES;
				CLANG_WARN_BLOCK_CAPTURE_AUTORELEASING = YES;
				CLANG_WARN_BOOL_CONVERSION = YES;
				CLANG_WARN_COMMA = YES;
				CLANG_WARN_CONSTANT_CONVERSION = YES;
				CLANG_WARN_DEPRECATED_OBJC_IMPLEMENTATIONS = YES;
				CLANG_WARN_DIRECT_OBJC_ISA_USAGE = YES_ERROR;
				CLANG_WARN_DOCUMENTATION_COMMENTS = YES;
				CLANG_WARN_EMPTY_BODY = YES;
				CLANG_WARN_ENUM_CONVERSION = YES;
				CLANG_WARN_INFINITE_RECURSION = YES;
				CLANG_WARN_INT_CONVERSION = YES;
				CLANG_WARN_NON_LITERAL_NULL_CONVERSION = YES;
				CLANG_WARN_OBJC_IMPLICIT_RETAIN_SELF = YES;
				CLANG_WARN_OBJC_LITERAL_CONVERSION = YES;
				CLANG_WARN_OBJC_ROOT_CLASS = YES_ERROR;
				CLANG_WARN_QUOTED_INCLUDE_IN_FRAMEWORK_HEADER = YES;
				CLANG_WARN_RANGE_LOOP_ANALYSIS = YES;
				CLANG_WARN_STRICT_PROTOTYPES = YES;
				CLANG_WARN_SUSPICIOUS_MOVE = YES;
				CLANG_WARN_UNGUARDED_AVAILABILITY = YES_AGGRESSIVE;
				CLANG_WARN_UNREACHABLE_CODE = YES;
				CLANG_WARN__DUPLICATE_METHOD_MATCH = YES;
				COPY_PHASE_STRIP = NO;
				DEBUG_INFORMATION_FORMAT = dwarf;
				ENABLE_STRICT_OBJC_MSGSEND = YES;
				ENABLE_TESTABILITY = YES;
				ENABLE_USER_SCRIPT_SANDBOXING = YES;
				GCC_C_LANGUAGE_STANDARD = gnu17;
				GCC_DYNAMIC_NO_PIC = NO;
				GCC_NO_COMMON_BLOCKS = YES;
				GCC_OPTIMIZATION_LEVEL = 0;
				GCC_PREPROCESSOR_DEFINITIONS = (
					"DEBUG=1",
					"$(inherited)",
				);
				GCC_WARN_64_TO_32_BIT_CONVERSION = YES;
				GCC_WARN_ABOUT_RETURN_TYPE = YES_ERROR;
				GCC_WARN_UNDECLARED_SELECTOR = YES;
				GCC_WARN_UNINITIALIZED_AUTOS = YES_AGGRESSIVE;
				GCC_WARN_UNUSED_FUNCTION = YES;
				GCC_WARN_UNUSED_VARIABLE = YES;
				IPHONEOS_DEPLOYMENT_TARGET = 17.5;
				LOCALIZATION_PREFERS_STRING_CATALOGS = YES;
				MTL_ENABLE_DEBUG_INFO = INCLUDE_SOURCE;
				MTL_FAST_MATH = YES;
				ONLY_ACTIVE_ARCH = YES;
				SDKROOT = iphoneos;
				SWIFT_ACTIVE_COMPILATION_CONDITIONS = "DEBUG $(inherited)";
				SWIFT_OPTIMIZATION_LEVEL = "-Onone";
			};
			name = Debug;
		};
		FBF346322CB6D2F900F555DE /* Release */ = {
			isa = XCBuildConfiguration;
			buildSettings = {
				ALWAYS_SEARCH_USER_PATHS = NO;
				ASSETCATALOG_COMPILER_GENERATE_SWIFT_ASSET_SYMBOL_EXTENSIONS = YES;
				CLANG_ANALYZER_NONNULL = YES;
				CLANG_ANALYZER_NUMBER_OBJECT_CONVERSION = YES_AGGRESSIVE;
				CLANG_CXX_LANGUAGE_STANDARD = "gnu++20";
				CLANG_ENABLE_MODULES = YES;
				CLANG_ENABLE_OBJC_ARC = YES;
				CLANG_ENABLE_OBJC_WEAK = YES;
				CLANG_WARN_BLOCK_CAPTURE_AUTORELEASING = YES;
				CLANG_WARN_BOOL_CONVERSION = YES;
				CLANG_WARN_COMMA = YES;
				CLANG_WARN_CONSTANT_CONVERSION = YES;
				CLANG_WARN_DEPRECATED_OBJC_IMPLEMENTATIONS = YES;
				CLANG_WARN_DIRECT_OBJC_ISA_USAGE = YES_ERROR;
				CLANG_WARN_DOCUMENTATION_COMMENTS = YES;
				CLANG_WARN_EMPTY_BODY = YES;
				CLANG_WARN_ENUM_CONVERSION = YES;
				CLANG_WARN_INFINITE_RECURSION = YES;
				CLANG_WARN_INT_CONVERSION = YES;
				CLANG_WARN_NON_LITERAL_NULL_CONVERSION = YES;
				CLANG_WARN_OBJC_IMPLICIT_RETAIN_SELF = YES;
				CLANG_WARN_OBJC_LITERAL_CONVERSION = YES;
				CLANG_WARN_OBJC_ROOT_CLASS = YES_ERROR;
				CLANG_WARN_QUOTED_INCLUDE_IN_FRAMEWORK_HEADER = YES;
				CLANG_WARN_RANGE_LOOP_ANALYSIS = YES;
				CLANG_WARN_STRICT_PROTOTYPES = YES;
				CLANG_WARN_SUSPICIOUS_MOVE = YES;
				CLANG_WARN_UNGUARDED_AVAILABILITY = YES_AGGRESSIVE;
				CLANG_WARN_UNREACHABLE_CODE = YES;
				CLANG_WARN__DUPLICATE_METHOD_MATCH = YES;
				COPY_PHASE_STRIP = NO;
				DEBUG_INFORMATION_FORMAT = "dwarf-with-dsym";
				ENABLE_NS_ASSERTIONS = NO;
				ENABLE_STRICT_OBJC_MSGSEND = YES;
				ENABLE_USER_SCRIPT_SANDBOXING = YES;
				GCC_C_LANGUAGE_STANDARD = gnu17;
				GCC_NO_COMMON_BLOCKS = YES;
				GCC_WARN_64_TO_32_BIT_CONVERSION = YES;
				GCC_WARN_ABOUT_RETURN_TYPE = YES_ERROR;
				GCC_WARN_UNDECLARED_SELECTOR = YES;
				GCC_WARN_UNINITIALIZED_AUTOS = YES_AGGRESSIVE;
				GCC_WARN_UNUSED_FUNCTION = YES;
				GCC_WARN_UNUSED_VARIABLE = YES;
				IPHONEOS_DEPLOYMENT_TARGET = 17.5;
				LOCALIZATION_PREFERS_STRING_CATALOGS = YES;
				MTL_ENABLE_DEBUG_INFO = NO;
				MTL_FAST_MATH = YES;
				SDKROOT = iphoneos;
				SWIFT_COMPILATION_MODE = wholemodule;
				VALIDATE_PRODUCT = YES;
			};
			name = Release;
		};
		FBF346342CB6D2F900F555DE /* Debug */ = {
			isa = XCBuildConfiguration;
			buildSettings = {
				ASSETCATALOG_COMPILER_APPICON_NAME = AppIcon;
				ASSETCATALOG_COMPILER_GLOBAL_ACCENT_COLOR_NAME = AccentColor;
				CODE_SIGN_STYLE = Automatic;
				CURRENT_PROJECT_VERSION = 1;
				GENERATE_INFOPLIST_FILE = YES;
				INFOPLIST_FILE = Bocetos_2/Info.plist;
				INFOPLIST_KEY_UIApplicationSupportsIndirectInputEvents = YES;
				INFOPLIST_KEY_UILaunchStoryboardName = LaunchScreen;
				INFOPLIST_KEY_UIMainStoryboardFile = Main;
				INFOPLIST_KEY_UISupportedInterfaceOrientations_iPad = "UIInterfaceOrientationPortrait UIInterfaceOrientationPortraitUpsideDown UIInterfaceOrientationLandscapeLeft UIInterfaceOrientationLandscapeRight";
				INFOPLIST_KEY_UISupportedInterfaceOrientations_iPhone = "UIInterfaceOrientationPortrait UIInterfaceOrientationLandscapeLeft UIInterfaceOrientationLandscapeRight";
				LD_RUNPATH_SEARCH_PATHS = (
					"$(inherited)",
					"@executable_path/Frameworks",
				);
				MARKETING_VERSION = 1.0;
				PRODUCT_BUNDLE_IDENTIFIER = "DDMI.Bocetos-2";
				PRODUCT_NAME = "$(TARGET_NAME)";
				SWIFT_EMIT_LOC_STRINGS = YES;
				SWIFT_VERSION = 5.0;
				TARGETED_DEVICE_FAMILY = "1,2";
			};
			name = Debug;
		};
		FBF346352CB6D2F900F555DE /* Release */ = {
			isa = XCBuildConfiguration;
			buildSettings = {
				ASSETCATALOG_COMPILER_APPICON_NAME = AppIcon;
				ASSETCATALOG_COMPILER_GLOBAL_ACCENT_COLOR_NAME = AccentColor;
				CODE_SIGN_STYLE = Automatic;
				CURRENT_PROJECT_VERSION = 1;
				GENERATE_INFOPLIST_FILE = YES;
				INFOPLIST_FILE = Bocetos_2/Info.plist;
				INFOPLIST_KEY_UIApplicationSupportsIndirectInputEvents = YES;
				INFOPLIST_KEY_UILaunchStoryboardName = LaunchScreen;
				INFOPLIST_KEY_UIMainStoryboardFile = Main;
				INFOPLIST_KEY_UISupportedInterfaceOrientations_iPad = "UIInterfaceOrientationPortrait UIInterfaceOrientationPortraitUpsideDown UIInterfaceOrientationLandscapeLeft UIInterfaceOrientationLandscapeRight";
				INFOPLIST_KEY_UISupportedInterfaceOrientations_iPhone = "UIInterfaceOrientationPortrait UIInterfaceOrientationLandscapeLeft UIInterfaceOrientationLandscapeRight";
				LD_RUNPATH_SEARCH_PATHS = (
					"$(inherited)",
					"@executable_path/Frameworks",
				);
				MARKETING_VERSION = 1.0;
				PRODUCT_BUNDLE_IDENTIFIER = "DDMI.Bocetos-2";
				PRODUCT_NAME = "$(TARGET_NAME)";
				SWIFT_EMIT_LOC_STRINGS = YES;
				SWIFT_VERSION = 5.0;
				TARGETED_DEVICE_FAMILY = "1,2";
			};
			name = Release;
		};
		FBF346372CB6D2F900F555DE /* Debug */ = {
			isa = XCBuildConfiguration;
			buildSettings = {
				ALWAYS_EMBED_SWIFT_STANDARD_LIBRARIES = YES;
				BUNDLE_LOADER = "$(TEST_HOST)";
				CODE_SIGN_STYLE = Automatic;
				CURRENT_PROJECT_VERSION = 1;
				GENERATE_INFOPLIST_FILE = YES;
				IPHONEOS_DEPLOYMENT_TARGET = 17.5;
				MARKETING_VERSION = 1.0;
				PRODUCT_BUNDLE_IDENTIFIER = "DDMI.Bocetos-2Tests";
				PRODUCT_NAME = "$(TARGET_NAME)";
				SWIFT_EMIT_LOC_STRINGS = NO;
				SWIFT_VERSION = 5.0;
				TARGETED_DEVICE_FAMILY = "1,2";
				TEST_HOST = "$(BUILT_PRODUCTS_DIR)/Bocetos_2.app/$(BUNDLE_EXECUTABLE_FOLDER_PATH)/Bocetos_2";
			};
			name = Debug;
		};
		FBF346382CB6D2F900F555DE /* Release */ = {
			isa = XCBuildConfiguration;
			buildSettings = {
				ALWAYS_EMBED_SWIFT_STANDARD_LIBRARIES = YES;
				BUNDLE_LOADER = "$(TEST_HOST)";
				CODE_SIGN_STYLE = Automatic;
				CURRENT_PROJECT_VERSION = 1;
				GENERATE_INFOPLIST_FILE = YES;
				IPHONEOS_DEPLOYMENT_TARGET = 17.5;
				MARKETING_VERSION = 1.0;
				PRODUCT_BUNDLE_IDENTIFIER = "DDMI.Bocetos-2Tests";
				PRODUCT_NAME = "$(TARGET_NAME)";
				SWIFT_EMIT_LOC_STRINGS = NO;
				SWIFT_VERSION = 5.0;
				TARGETED_DEVICE_FAMILY = "1,2";
				TEST_HOST = "$(BUILT_PRODUCTS_DIR)/Bocetos_2.app/$(BUNDLE_EXECUTABLE_FOLDER_PATH)/Bocetos_2";
			};
			name = Release;
		};
		FBF3463A2CB6D2F900F555DE /* Debug */ = {
			isa = XCBuildConfiguration;
			buildSettings = {
				ALWAYS_EMBED_SWIFT_STANDARD_LIBRARIES = YES;
				CODE_SIGN_STYLE = Automatic;
				CURRENT_PROJECT_VERSION = 1;
				GENERATE_INFOPLIST_FILE = YES;
				MARKETING_VERSION = 1.0;
				PRODUCT_BUNDLE_IDENTIFIER = "DDMI.Bocetos-2UITests";
				PRODUCT_NAME = "$(TARGET_NAME)";
				SWIFT_EMIT_LOC_STRINGS = NO;
				SWIFT_VERSION = 5.0;
				TARGETED_DEVICE_FAMILY = "1,2";
				TEST_TARGET_NAME = Bocetos_2;
			};
			name = Debug;
		};
		FBF3463B2CB6D2F900F555DE /* Release */ = {
			isa = XCBuildConfiguration;
			buildSettings = {
				ALWAYS_EMBED_SWIFT_STANDARD_LIBRARIES = YES;
				CODE_SIGN_STYLE = Automatic;
				CURRENT_PROJECT_VERSION = 1;
				GENERATE_INFOPLIST_FILE = YES;
				MARKETING_VERSION = 1.0;
				PRODUCT_BUNDLE_IDENTIFIER = "DDMI.Bocetos-2UITests";
				PRODUCT_NAME = "$(TARGET_NAME)";
				SWIFT_EMIT_LOC_STRINGS = NO;
				SWIFT_VERSION = 5.0;
				TARGETED_DEVICE_FAMILY = "1,2";
				TEST_TARGET_NAME = Bocetos_2;
			};
			name = Release;
		};
/* End XCBuildConfiguration section */

/* Begin XCConfigurationList section */
		FBF346042CB6D2F800F555DE /* Build configuration list for PBXProject "Bocetos_2" */ = {
			isa = XCConfigurationList;
			buildConfigurations = (
				FBF346312CB6D2F900F555DE /* Debug */,
				FBF346322CB6D2F900F555DE /* Release */,
			);
			defaultConfigurationIsVisible = 0;
			defaultConfigurationName = Release;
		};
		FBF346332CB6D2F900F555DE /* Build configuration list for PBXNativeTarget "Bocetos_2" */ = {
			isa = XCConfigurationList;
			buildConfigurations = (
				FBF346342CB6D2F900F555DE /* Debug */,
				FBF346352CB6D2F900F555DE /* Release */,
			);
			defaultConfigurationIsVisible = 0;
			defaultConfigurationName = Release;
		};
		FBF346362CB6D2F900F555DE /* Build configuration list for PBXNativeTarget "Bocetos_2Tests" */ = {
			isa = XCConfigurationList;
			buildConfigurations = (
				FBF346372CB6D2F900F555DE /* Debug */,
				FBF346382CB6D2F900F555DE /* Release */,
			);
			defaultConfigurationIsVisible = 0;
			defaultConfigurationName = Release;
		};
		FBF346392CB6D2F900F555DE /* Build configuration list for PBXNativeTarget "Bocetos_2UITests" */ = {
			isa = XCConfigurationList;
			buildConfigurations = (
				FBF3463A2CB6D2F900F555DE /* Debug */,
				FBF3463B2CB6D2F900F555DE /* Release */,
			);
			defaultConfigurationIsVisible = 0;
			defaultConfigurationName = Release;
		};
/* End XCConfigurationList section */
	};
	rootObject = FBF346012CB6D2F800F555DE /* Project object */;
}
